
Microsoft Visual Studio Solution File, Format Version 12.00
# Visual Studio Version 16
VisualStudioVersion = 16.0.30413.136
MinimumVisualStudioVersion = 10.0.40219.1
Project("{9A19103F-16F7-4668-BE54-9A1E7A4F7556}") = "C3PR.Tests", "src\C3PR.Tests\C3PR.Tests.csproj", "{89342628-78A4-423F-8682-7E9E05E8201C}"
EndProject
Project("{9A19103F-16F7-4668-BE54-9A1E7A4F7556}") = "C3PR.TestConsole", "src\C3PR.TestConsole\C3PR.TestConsole.csproj", "{2B738B77-DDEA-476D-AADD-CE8534C33194}"
EndProject
Project("{9A19103F-16F7-4668-BE54-9A1E7A4F7556}") = "C3PR.Core", "src\C3PR.Core\C3PR.Core.csproj", "{27C8572F-9BF9-43BD-A0D5-3F4511B04FA6}"
EndProject
Project("{9A19103F-16F7-4668-BE54-9A1E7A4F7556}") = "C3PR.Api", "src\C3PR.Api\C3PR.Api.csproj", "{28C08FFD-0EB4-4D02-A5C8-0B7162EBA4B1}"
EndProject
Global
	GlobalSection(SolutionConfigurationPlatforms) = preSolution
		Debug|Any CPU = Debug|Any CPU
		Release|Any CPU = Release|Any CPU
	EndGlobalSection
	GlobalSection(ProjectConfigurationPlatforms) = postSolution
		{89342628-78A4-423F-8682-7E9E05E8201C}.Debug|Any CPU.ActiveCfg = Debug|Any CPU
		{89342628-78A4-423F-8682-7E9E05E8201C}.Debug|Any CPU.Build.0 = Debug|Any CPU
		{89342628-78A4-423F-8682-7E9E05E8201C}.Release|Any CPU.ActiveCfg = Release|Any CPU
		{89342628-78A4-423F-8682-7E9E05E8201C}.Release|Any CPU.Build.0 = Release|Any CPU
		{2B738B77-DDEA-476D-AADD-CE8534C33194}.Debug|Any CPU.ActiveCfg = Debug|Any CPU
		{2B738B77-DDEA-476D-AADD-CE8534C33194}.Debug|Any CPU.Build.0 = Debug|Any CPU
		{2B738B77-DDEA-476D-AADD-CE8534C33194}.Release|Any CPU.ActiveCfg = Release|Any CPU
		{2B738B77-DDEA-476D-AADD-CE8534C33194}.Release|Any CPU.Build.0 = Release|Any CPU
		{27C8572F-9BF9-43BD-A0D5-3F4511B04FA6}.Debug|Any CPU.ActiveCfg = Debug|Any CPU
		{27C8572F-9BF9-43BD-A0D5-3F4511B04FA6}.Debug|Any CPU.Build.0 = Debug|Any CPU
		{27C8572F-9BF9-43BD-A0D5-3F4511B04FA6}.Release|Any CPU.ActiveCfg = Release|Any CPU
		{27C8572F-9BF9-43BD-A0D5-3F4511B04FA6}.Release|Any CPU.Build.0 = Release|Any CPU
		{28C08FFD-0EB4-4D02-A5C8-0B7162EBA4B1}.Debug|Any CPU.ActiveCfg = Debug|Any CPU
		{28C08FFD-0EB4-4D02-A5C8-0B7162EBA4B1}.Debug|Any CPU.Build.0 = Debug|Any CPU
		{28C08FFD-0EB4-4D02-A5C8-0B7162EBA4B1}.Release|Any CPU.ActiveCfg = Release|Any CPU
		{28C08FFD-0EB4-4D02-A5C8-0B7162EBA4B1}.Release|Any CPU.Build.0 = Release|Any CPU
	EndGlobalSection
	GlobalSection(SolutionProperties) = preSolution
		HideSolutionNode = FALSE
	EndGlobalSection
	GlobalSection(ExtensibilityGlobals) = postSolution
		SolutionGuid = {FEE4CE53-97A6-4A3A-920B-D34C501FB139}
	EndGlobalSection
EndGlobal
